
Microsoft Visual Studio Solution File, Format Version 12.00
# Visual Studio Version 16
VisualStudioVersion = 16.0.29409.12
MinimumVisualStudioVersion = 10.0.40219.1
Project("{FAE04EC0-301F-11D3-BF4B-00C04F79EFBC}") = "Ex01", "Ex01\Ex01.csproj", "{B4507438-AE25-4FE4-9CBD-A70427DA49EC}"
EndProject
Global
	GlobalSection(SolutionConfigurationPlatforms) = preSolution
		Debug|Any CPU = Debug|Any CPU
		Release|Any CPU = Release|Any CPU
	EndGlobalSection
	GlobalSection(ProjectConfigurationPlatforms) = postSolution
		{B4507438-AE25-4FE4-9CBD-A70427DA49EC}.Debug|Any CPU.ActiveCfg = Debug|Any CPU
		{B4507438-AE25-4FE4-9CBD-A70427DA49EC}.Debug|Any CPU.Build.0 = Debug|Any CPU
		{B4507438-AE25-4FE4-9CBD-A70427DA49EC}.Release|Any CPU.ActiveCfg = Release|Any CPU
		{B4507438-AE25-4FE4-9CBD-A70427DA49EC}.Release|Any CPU.Build.0 = Release|Any CPU
	EndGlobalSection
	GlobalSection(SolutionProperties) = preSolution
		HideSolutionNode = FALSE
	EndGlobalSection
	GlobalSection(ExtensibilityGlobals) = postSolution
		SolutionGuid = {42E8D995-8A20-434B-B585-906AE5F8A5D5}
	EndGlobalSection
EndGlobal
