
Microsoft Visual Studio Solution File, Format Version 12.00
# Visual Studio Version 16
VisualStudioVersion = 16.0.29409.12
MinimumVisualStudioVersion = 10.0.40219.1
Project("{FAE04EC0-301F-11D3-BF4B-00C04F79EFBC}") = "Ex05", "Ex05\Ex05.csproj", "{1B8B6348-892D-4A41-8020-ABBA461FB8BA}"
EndProject
Global
	GlobalSection(SolutionConfigurationPlatforms) = preSolution
		Debug|Any CPU = Debug|Any CPU
		Release|Any CPU = Release|Any CPU
	EndGlobalSection
	GlobalSection(ProjectConfigurationPlatforms) = postSolution
		{1B8B6348-892D-4A41-8020-ABBA461FB8BA}.Debug|Any CPU.ActiveCfg = Debug|Any CPU
		{1B8B6348-892D-4A41-8020-ABBA461FB8BA}.Debug|Any CPU.Build.0 = Debug|Any CPU
		{1B8B6348-892D-4A41-8020-ABBA461FB8BA}.Release|Any CPU.ActiveCfg = Release|Any CPU
		{1B8B6348-892D-4A41-8020-ABBA461FB8BA}.Release|Any CPU.Build.0 = Release|Any CPU
	EndGlobalSection
	GlobalSection(SolutionProperties) = preSolution
		HideSolutionNode = FALSE
	EndGlobalSection
	GlobalSection(ExtensibilityGlobals) = postSolution
		SolutionGuid = {20F6243E-66A7-424C-95EA-0C604B989507}
	EndGlobalSection
EndGlobal
