
Microsoft Visual Studio Solution File, Format Version 12.00
# Visual Studio Version 16
VisualStudioVersion = 16.0.29409.12
MinimumVisualStudioVersion = 10.0.40219.1
Project("{FAE04EC0-301F-11D3-BF4B-00C04F79EFBC}") = "Ex03", "Ex03\Ex03.csproj", "{F783844D-6F61-4308-A751-8AFB570C4D15}"
EndProject
Global
	GlobalSection(SolutionConfigurationPlatforms) = preSolution
		Debug|Any CPU = Debug|Any CPU
		Release|Any CPU = Release|Any CPU
	EndGlobalSection
	GlobalSection(ProjectConfigurationPlatforms) = postSolution
		{F783844D-6F61-4308-A751-8AFB570C4D15}.Debug|Any CPU.ActiveCfg = Debug|Any CPU
		{F783844D-6F61-4308-A751-8AFB570C4D15}.Debug|Any CPU.Build.0 = Debug|Any CPU
		{F783844D-6F61-4308-A751-8AFB570C4D15}.Release|Any CPU.ActiveCfg = Release|Any CPU
		{F783844D-6F61-4308-A751-8AFB570C4D15}.Release|Any CPU.Build.0 = Release|Any CPU
	EndGlobalSection
	GlobalSection(SolutionProperties) = preSolution
		HideSolutionNode = FALSE
	EndGlobalSection
	GlobalSection(ExtensibilityGlobals) = postSolution
		SolutionGuid = {445FB9ED-DAF6-469E-A619-95ACDDDB45EC}
	EndGlobalSection
EndGlobal
