
Microsoft Visual Studio Solution File, Format Version 12.00
# Visual Studio Version 16
VisualStudioVersion = 16.0.29409.12
MinimumVisualStudioVersion = 10.0.40219.1
Project("{FAE04EC0-301F-11D3-BF4B-00C04F79EFBC}") = "Ex06", "Ex06\Ex06.csproj", "{B1C3D41D-AAA7-4BEA-8620-58EFCBE5B772}"
EndProject
Global
	GlobalSection(SolutionConfigurationPlatforms) = preSolution
		Debug|Any CPU = Debug|Any CPU
		Release|Any CPU = Release|Any CPU
	EndGlobalSection
	GlobalSection(ProjectConfigurationPlatforms) = postSolution
		{B1C3D41D-AAA7-4BEA-8620-58EFCBE5B772}.Debug|Any CPU.ActiveCfg = Debug|Any CPU
		{B1C3D41D-AAA7-4BEA-8620-58EFCBE5B772}.Debug|Any CPU.Build.0 = Debug|Any CPU
		{B1C3D41D-AAA7-4BEA-8620-58EFCBE5B772}.Release|Any CPU.ActiveCfg = Release|Any CPU
		{B1C3D41D-AAA7-4BEA-8620-58EFCBE5B772}.Release|Any CPU.Build.0 = Release|Any CPU
	EndGlobalSection
	GlobalSection(SolutionProperties) = preSolution
		HideSolutionNode = FALSE
	EndGlobalSection
	GlobalSection(ExtensibilityGlobals) = postSolution
		SolutionGuid = {5F64B68A-90BD-47D5-BB07-0088D6C1263D}
	EndGlobalSection
EndGlobal
